
Microsoft Visual Studio Solution File, Format Version 12.00
# Visual Studio Version 17
VisualStudioVersion = 17.0.31521.260
MinimumVisualStudioVersion = 10.0.40219.1
Project("{9A19103F-16F7-4668-BE54-9A1E7A4F7556}") = "MultiTenantBlazor", "MultiTenantBlazor\MultiTenantBlazor.csproj", "{79A44A41-E1DA-490B-AB34-6AB86DC73917}"
EndProject
Global
	GlobalSection(SolutionConfigurationPlatforms) = preSolution
		Debug|Any CPU = Debug|Any CPU
		Release|Any CPU = Release|Any CPU
	EndGlobalSection
	GlobalSection(ProjectConfigurationPlatforms) = postSolution
		{79A44A41-E1DA-490B-AB34-6AB86DC73917}.Debug|Any CPU.ActiveCfg = Debug|Any CPU
		{79A44A41-E1DA-490B-AB34-6AB86DC73917}.Debug|Any CPU.Build.0 = Debug|Any CPU
		{79A44A41-E1DA-490B-AB34-6AB86DC73917}.Release|Any CPU.ActiveCfg = Release|Any CPU
		{79A44A41-E1DA-490B-AB34-6AB86DC73917}.Release|Any CPU.Build.0 = Release|Any CPU
	EndGlobalSection
	GlobalSection(SolutionProperties) = preSolution
		HideSolutionNode = FALSE
	EndGlobalSection
	GlobalSection(ExtensibilityGlobals) = postSolution
		SolutionGuid = {2F5A1C24-65AA-4763-AABC-5F8383AC03EE}
	EndGlobalSection
EndGlobal
